// !$*UTF8*$!
{
	archiveVersion = 1;
	classes = {
	};
	objectVersion = 46;
	objects = {

/* Begin PBXBuildFile section */
		B737893B180761570076A88C /* Published-iOS in Resources */ = {isa = PBXBuildFile; fileRef = B737893A180761570076A88C /* Published-iOS */; };
		B737893F1807617C0076A88C /* AppDelegate.m in Sources */ = {isa = PBXBuildFile; fileRef = B737893E1807617C0076A88C /* AppDelegate.m */; };
		B7378975180762440076A88C /* Default-568h@2x.png in Resources */ = {isa = PBXBuildFile; fileRef = B737896B180762440076A88C /* Default-568h@2x.png */; };
		B7378977180762440076A88C /* Default.png in Resources */ = {isa = PBXBuildFile; fileRef = B737896D180762440076A88C /* Default.png */; };
		B7378978180762440076A88C /* Default@2x.png in Resources */ = {isa = PBXBuildFile; fileRef = B737896E180762440076A88C /* Default@2x.png */; };
		B73789871807631A0076A88C /* main.m in Sources */ = {isa = PBXBuildFile; fileRef = B73789851807631A0076A88C /* main.m */; };
		B737898A1807642B0076A88C /* libcocos2d.a in Frameworks */ = {isa = PBXBuildFile; fileRef = B737894B180761A90076A88C /* libcocos2d.a */; };
		B7378994180767190076A88C /* MainScene.m in Sources */ = {isa = PBXBuildFile; fileRef = B7378993180767190076A88C /* MainScene.m */; };
		B77F1B3217B978D7009739AE /* QuartzCore.framework in Frameworks */ = {isa = PBXBuildFile; fileRef = B77F1B3117B978D7009739AE /* QuartzCore.framework */; };
		B77F1B3417B978D7009739AE /* OpenGLES.framework in Frameworks */ = {isa = PBXBuildFile; fileRef = B77F1B3317B978D7009739AE /* OpenGLES.framework */; };
		B77F1B3617B978D7009739AE /* OpenAL.framework in Frameworks */ = {isa = PBXBuildFile; fileRef = B77F1B3517B978D7009739AE /* OpenAL.framework */; };
		B77F1B3817B978D7009739AE /* AudioToolbox.framework in Frameworks */ = {isa = PBXBuildFile; fileRef = B77F1B3717B978D7009739AE /* AudioToolbox.framework */; };
		B77F1B3A17B978D7009739AE /* AVFoundation.framework in Frameworks */ = {isa = PBXBuildFile; fileRef = B77F1B3917B978D7009739AE /* AVFoundation.framework */; };
		B77F1B3C17B978D7009739AE /* UIKit.framework in Frameworks */ = {isa = PBXBuildFile; fileRef = B77F1B3B17B978D7009739AE /* UIKit.framework */; };
		B77F1B3E17B978D7009739AE /* Foundation.framework in Frameworks */ = {isa = PBXBuildFile; fileRef = B77F1B3D17B978D7009739AE /* Foundation.framework */; };
		B77F1B4017B978D7009739AE /* CoreGraphics.framework in Frameworks */ = {isa = PBXBuildFile; fileRef = B77F1B3F17B978D7009739AE /* CoreGraphics.framework */; };
		B77F1B4217B978D7009739AE /* CoreText.framework in Frameworks */ = {isa = PBXBuildFile; fileRef = B77F1B4117B978D7009739AE /* CoreText.framework */; };
		CE8FC5DB191D1A4700EA5173 /* error.mp3 in Resources */ = {isa = PBXBuildFile; fileRef = CE8FC5DA191D1A4700EA5173 /* error.mp3 */; };
		CEB70BCE193F63F1001FF689 /* pass.mp3 in Resources */ = {isa = PBXBuildFile; fileRef = CEB70BCD193F63F1001FF689 /* pass.mp3 */; };
		CEBA7EA61917B7110056ED75 /* musicList.plist in Resources */ = {isa = PBXBuildFile; fileRef = CEBA7EA51917B7110056ED75 /* musicList.plist */; };
		CEBAC7A619053C8C0013D5E1 /* GameKit.framework in Frameworks */ = {isa = PBXBuildFile; fileRef = CEBAC7A519053C8C0013D5E1 /* GameKit.framework */; };
		CEBAC7B4190540640013D5E1 /* libGoogleAdMobAds.a in Frameworks */ = {isa = PBXBuildFile; fileRef = CEBAC7B2190540640013D5E1 /* libGoogleAdMobAds.a */; };
		CEBAC7B5190540640013D5E1 /* README.txt in Resources */ = {isa = PBXBuildFile; fileRef = CEBAC7B3190540640013D5E1 /* README.txt */; };
		CEBAC7B7190540B70013D5E1 /* AdSupport.framework in Frameworks */ = {isa = PBXBuildFile; fileRef = CEBAC7B6190540B70013D5E1 /* AdSupport.framework */; };
		CEBAC7B9190540DC0013D5E1 /* CoreTelephony.framework in Frameworks */ = {isa = PBXBuildFile; fileRef = CEBAC7B8190540DC0013D5E1 /* CoreTelephony.framework */; };
		CEBAC7BB190540E50013D5E1 /* MessageUI.framework in Frameworks */ = {isa = PBXBuildFile; fileRef = CEBAC7BA190540E50013D5E1 /* MessageUI.framework */; };
		CEBAC7BD190540EE0013D5E1 /* StoreKit.framework in Frameworks */ = {isa = PBXBuildFile; fileRef = CEBAC7BC190540EE0013D5E1 /* StoreKit.framework */; };
		CEBAC7BF190540FB0013D5E1 /* SystemConfiguration.framework in Frameworks */ = {isa = PBXBuildFile; fileRef = CEBAC7BE190540FB0013D5E1 /* SystemConfiguration.framework */; };
		CEBAC7C61906267C0013D5E1 /* itemTouched.mp3 in Resources */ = {isa = PBXBuildFile; fileRef = CEBAC7C51906267C0013D5E1 /* itemTouched.mp3 */; };
		CEBAC7CA1906BC100013D5E1 /* levelUp.mp3 in Resources */ = {isa = PBXBuildFile; fileRef = CEBAC7C91906BC100013D5E1 /* levelUp.mp3 */; };
		CEBAC7D01907C6390013D5E1 /* explosion.wav in Resources */ = {isa = PBXBuildFile; fileRef = CEBAC7CF1907C6390013D5E1 /* explosion.wav */; };
		CECC62EA19012CA900C92348 /* PlayScene.m in Sources */ = {isa = PBXBuildFile; fileRef = CECC62E919012CA900C92348 /* PlayScene.m */; };
		CECC62ED19012CED00C92348 /* StartPlayScene.m in Sources */ = {isa = PBXBuildFile; fileRef = CECC62EC19012CED00C92348 /* StartPlayScene.m */; };
		CECC62F3190132B200C92348 /* BlockObj.m in Sources */ = {isa = PBXBuildFile; fileRef = CECC62F2190132B200C92348 /* BlockObj.m */; };
		CECC62FF19053ACD00C92348 /* GameDataHandler.m in Sources */ = {isa = PBXBuildFile; fileRef = CECC62FC19053ACD00C92348 /* GameDataHandler.m */; };
		CECC630019053ACD00C92348 /* GameKitHelper.m in Sources */ = {isa = PBXBuildFile; fileRef = CECC62FE19053ACD00C92348 /* GameKitHelper.m */; };
		CEE63161190DFD7300FB7C3A /* 1.mp3 in Resources */ = {isa = PBXBuildFile; fileRef = CEE63159190DFD7300FB7C3A /* 1.mp3 */; };
		CEE63162190DFD7300FB7C3A /* 2.mp3 in Resources */ = {isa = PBXBuildFile; fileRef = CEE6315A190DFD7300FB7C3A /* 2.mp3 */; };
		CEE63163190DFD7300FB7C3A /* 3.mp3 in Resources */ = {isa = PBXBuildFile; fileRef = CEE6315B190DFD7300FB7C3A /* 3.mp3 */; };
		CEE63164190DFD7300FB7C3A /* 4.mp3 in Resources */ = {isa = PBXBuildFile; fileRef = CEE6315C190DFD7300FB7C3A /* 4.mp3 */; };
		CEE63165190DFD7300FB7C3A /* 5.mp3 in Resources */ = {isa = PBXBuildFile; fileRef = CEE6315D190DFD7300FB7C3A /* 5.mp3 */; };
		CEE63166190DFD7300FB7C3A /* 6.mp3 in Resources */ = {isa = PBXBuildFile; fileRef = CEE6315E190DFD7300FB7C3A /* 6.mp3 */; };
		CEE63167190DFD7300FB7C3A /* 7.mp3 in Resources */ = {isa = PBXBuildFile; fileRef = CEE6315F190DFD7300FB7C3A /* 7.mp3 */; };
		CEE63168190DFD7300FB7C3A /* 8.mp3 in Resources */ = {isa = PBXBuildFile; fileRef = CEE63160190DFD7300FB7C3A /* 8.mp3 */; };
		CEE63170190E538900FB7C3A /* FinishScene.m in Sources */ = {isa = PBXBuildFile; fileRef = CEE6316F190E538900FB7C3A /* FinishScene.m */; };
		CEE63206190FC13200FB7C3A /* libicucore.dylib in Frameworks */ = {isa = PBXBuildFile; fileRef = CEE63205190FC13200FB7C3A /* libicucore.dylib */; };
		CEE63208190FC14400FB7C3A /* libz.1.2.5.dylib in Frameworks */ = {isa = PBXBuildFile; fileRef = CEE63207190FC14400FB7C3A /* libz.1.2.5.dylib */; };
		CEE6320A190FC15100FB7C3A /* Security.framework in Frameworks */ = {isa = PBXBuildFile; fileRef = CEE63209190FC15100FB7C3A /* Security.framework */; };
		CEE6320C1910A65E00FB7C3A /* beep.m4a in Resources */ = {isa = PBXBuildFile; fileRef = CEE6320B1910A65E00FB7C3A /* beep.m4a */; };
		CEE632121910C17400FB7C3A /* ReadyGoScene.m in Sources */ = {isa = PBXBuildFile; fileRef = CEE632111910C17400FB7C3A /* ReadyGoScene.m */; };
		CEE63218191119B500FB7C3A /* Images.xcassets in Resources */ = {isa = PBXBuildFile; fileRef = CEE63217191119B500FB7C3A /* Images.xcassets */; };
/* End PBXBuildFile section */

/* Begin PBXContainerItemProxy section */
		B737894A180761A90076A88C /* PBXContainerItemProxy */ = {
			isa = PBXContainerItemProxy;
			containerPortal = B7378940180761A80076A88C /* cocos2d-ios.xcodeproj */;
			proxyType = 2;
			remoteGlobalIDString = 5018F24D0DFDEAC400C013A5;
			remoteInfo = cocos2d;
		};
		B7378988180764180076A88C /* PBXContainerItemProxy */ = {
			isa = PBXContainerItemProxy;
			containerPortal = B7378940180761A80076A88C /* cocos2d-ios.xcodeproj */;
			proxyType = 1;
			remoteGlobalIDString = 5018F24C0DFDEAC400C013A5;
			remoteInfo = cocos2d;
		};
/* End PBXContainerItemProxy section */

/* Begin PBXFileReference section */
		B737893A180761570076A88C /* Published-iOS */ = {isa = PBXFileReference; lastKnownFileType = folder; name = "Published-iOS"; path = "Source/Resources/Published-iOS"; sourceTree = SOURCE_ROOT; };
		B737893D1807617C0076A88C /* AppDelegate.h */ = {isa = PBXFileReference; fileEncoding = 4; lastKnownFileType = sourcecode.c.h; name = AppDelegate.h; path = Source/AppDelegate.h; sourceTree = "<group>"; };
		B737893E1807617C0076A88C /* AppDelegate.m */ = {isa = PBXFileReference; fileEncoding = 4; lastKnownFileType = sourcecode.c.objc; name = AppDelegate.m; path = Source/AppDelegate.m; sourceTree = "<group>"; };
		B7378940180761A80076A88C /* cocos2d-ios.xcodeproj */ = {isa = PBXFileReference; lastKnownFileType = "wrapper.pb-project"; name = "cocos2d-ios.xcodeproj"; path = "Source/libs/cocos2d-iphone/cocos2d-ios.xcodeproj"; sourceTree = SOURCE_ROOT; };
		B737896B180762440076A88C /* Default-568h@2x.png */ = {isa = PBXFileReference; lastKnownFileType = image.png; name = "Default-568h@2x.png"; path = "Source/Resources/Default-568h@2x.png"; sourceTree = SOURCE_ROOT; };
		B737896D180762440076A88C /* Default.png */ = {isa = PBXFileReference; lastKnownFileType = image.png; name = Default.png; path = Source/Resources/Default.png; sourceTree = SOURCE_ROOT; };
		B737896E180762440076A88C /* Default@2x.png */ = {isa = PBXFileReference; lastKnownFileType = image.png; name = "Default@2x.png"; path = "Source/Resources/Default@2x.png"; sourceTree = SOURCE_ROOT; };
		B73789851807631A0076A88C /* main.m */ = {isa = PBXFileReference; fileEncoding = 4; lastKnownFileType = sourcecode.c.objc; name = main.m; path = Source/main.m; sourceTree = SOURCE_ROOT; };
		B73789861807631A0076A88C /* Prefix.pch */ = {isa = PBXFileReference; fileEncoding = 4; lastKnownFileType = sourcecode.c.h; name = Prefix.pch; path = Source/Prefix.pch; sourceTree = SOURCE_ROOT; };
		B7378992180767190076A88C /* MainScene.h */ = {isa = PBXFileReference; fileEncoding = 4; lastKnownFileType = sourcecode.c.h; name = MainScene.h; path = Source/MainScene.h; sourceTree = "<group>"; };
		B7378993180767190076A88C /* MainScene.m */ = {isa = PBXFileReference; fileEncoding = 4; lastKnownFileType = sourcecode.c.objc; name = MainScene.m; path = Source/MainScene.m; sourceTree = "<group>"; };
		B77F1B2E17B978D7009739AE /* Tap Right Tile to Win.app */ = {isa = PBXFileReference; explicitFileType = wrapper.application; includeInIndex = 0; path = "Tap Right Tile to Win.app"; sourceTree = BUILT_PRODUCTS_DIR; };
		B77F1B3117B978D7009739AE /* QuartzCore.framework */ = {isa = PBXFileReference; lastKnownFileType = wrapper.framework; name = QuartzCore.framework; path = System/Library/Frameworks/QuartzCore.framework; sourceTree = SDKROOT; };
		B77F1B3317B978D7009739AE /* OpenGLES.framework */ = {isa = PBXFileReference; lastKnownFileType = wrapper.framework; name = OpenGLES.framework; path = System/Library/Frameworks/OpenGLES.framework; sourceTree = SDKROOT; };
		B77F1B3517B978D7009739AE /* OpenAL.framework */ = {isa = PBXFileReference; lastKnownFileType = wrapper.framework; name = OpenAL.framework; path = System/Library/Frameworks/OpenAL.framework; sourceTree = SDKROOT; };
		B77F1B3717B978D7009739AE /* AudioToolbox.framework */ = {isa = PBXFileReference; lastKnownFileType = wrapper.framework; name = AudioToolbox.framework; path = System/Library/Frameworks/AudioToolbox.framework; sourceTree = SDKROOT; };
		B77F1B3917B978D7009739AE /* AVFoundation.framework */ = {isa = PBXFileReference; lastKnownFileType = wrapper.framework; name = AVFoundation.framework; path = System/Library/Frameworks/AVFoundation.framework; sourceTree = SDKROOT; };
		B77F1B3B17B978D7009739AE /* UIKit.framework */ = {isa = PBXFileReference; lastKnownFileType = wrapper.framework; name = UIKit.framework; path = System/Library/Frameworks/UIKit.framework; sourceTree = SDKROOT; };
		B77F1B3D17B978D7009739AE /* Foundation.framework */ = {isa = PBXFileReference; lastKnownFileType = wrapper.framework; name = Foundation.framework; path = System/Library/Frameworks/Foundation.framework; sourceTree = SDKROOT; };
		B77F1B3F17B978D7009739AE /* CoreGraphics.framework */ = {isa = PBXFileReference; lastKnownFileType = wrapper.framework; name = CoreGraphics.framework; path = System/Library/Frameworks/CoreGraphics.framework; sourceTree = SDKROOT; };
		B77F1B4117B978D7009739AE /* CoreText.framework */ = {isa = PBXFileReference; lastKnownFileType = wrapper.framework; name = CoreText.framework; path = System/Library/Frameworks/CoreText.framework; sourceTree = SDKROOT; };
		B7B3713D180358F1007369CC /* libObjectiveChipmunk.a */ = {isa = PBXFileReference; lastKnownFileType = archive.ar; name = libObjectiveChipmunk.a; path = "../libs/cocos2d-iphone/external/Chipmunk/xcode/build/Debug-iphoneos/libObjectiveChipmunk.a"; sourceTree = "<group>"; };
		CE8FC5DA191D1A4700EA5173 /* error.mp3 */ = {isa = PBXFileReference; lastKnownFileType = audio.mp3; name = error.mp3; path = sound/error.mp3; sourceTree = "<group>"; };
		CEB70BCD193F63F1001FF689 /* pass.mp3 */ = {isa = PBXFileReference; lastKnownFileType = audio.mp3; name = pass.mp3; path = sound/pass.mp3; sourceTree = "<group>"; };
		CEBA7EA51917B7110056ED75 /* musicList.plist */ = {isa = PBXFileReference; fileEncoding = 4; lastKnownFileType = text.plist.xml; path = musicList.plist; sourceTree = "<group>"; };
		CEBA7EA81917B9CD0056ED75 /* CreateArrayFromList.h */ = {isa = PBXFileReference; fileEncoding = 4; lastKnownFileType = sourcecode.c.h; name = CreateArrayFromList.h; path = ../../../tools/CreateArrayFromList.h; sourceTree = "<group>"; };
		CEBAC7A519053C8C0013D5E1 /* GameKit.framework */ = {isa = PBXFileReference; lastKnownFileType = wrapper.framework; name = GameKit.framework; path = System/Library/Frameworks/GameKit.framework; sourceTree = SDKROOT; };
		CEBAC7A9190540640013D5E1 /* GADAdMobExtras.h */ = {isa = PBXFileReference; fileEncoding = 4; lastKnownFileType = sourcecode.c.h; path = GADAdMobExtras.h; sourceTree = "<group>"; };
		CEBAC7AA190540640013D5E1 /* GADAdNetworkExtras.h */ = {isa = PBXFileReference; fileEncoding = 4; lastKnownFileType = sourcecode.c.h; path = GADAdNetworkExtras.h; sourceTree = "<group>"; };
		CEBAC7AB190540640013D5E1 /* GADAdSize.h */ = {isa = PBXFileReference; fileEncoding = 4; lastKnownFileType = sourcecode.c.h; path = GADAdSize.h; sourceTree = "<group>"; };
		CEBAC7AC190540640013D5E1 /* GADBannerView.h */ = {isa = PBXFileReference; fileEncoding = 4; lastKnownFileType = sourcecode.c.h; path = GADBannerView.h; sourceTree = "<group>"; };
		CEBAC7AD190540640013D5E1 /* GADBannerViewDelegate.h */ = {isa = PBXFileReference; fileEncoding = 4; lastKnownFileType = sourcecode.c.h; path = GADBannerViewDelegate.h; sourceTree = "<group>"; };
		CEBAC7AE190540640013D5E1 /* GADInterstitial.h */ = {isa = PBXFileReference; fileEncoding = 4; lastKnownFileType = sourcecode.c.h; path = GADInterstitial.h; sourceTree = "<group>"; };
		CEBAC7AF190540640013D5E1 /* GADInterstitialDelegate.h */ = {isa = PBXFileReference; fileEncoding = 4; lastKnownFileType = sourcecode.c.h; path = GADInterstitialDelegate.h; sourceTree = "<group>"; };
		CEBAC7B0190540640013D5E1 /* GADRequest.h */ = {isa = PBXFileReference; fileEncoding = 4; lastKnownFileType = sourcecode.c.h; path = GADRequest.h; sourceTree = "<group>"; };
		CEBAC7B1190540640013D5E1 /* GADRequestError.h */ = {isa = PBXFileReference; fileEncoding = 4; lastKnownFileType = sourcecode.c.h; path = GADRequestError.h; sourceTree = "<group>"; };
		CEBAC7B2190540640013D5E1 /* libGoogleAdMobAds.a */ = {isa = PBXFileReference; lastKnownFileType = archive.ar; path = libGoogleAdMobAds.a; sourceTree = "<group>"; };
		CEBAC7B3190540640013D5E1 /* README.txt */ = {isa = PBXFileReference; fileEncoding = 4; lastKnownFileType = text; path = README.txt; sourceTree = "<group>"; };
		CEBAC7B6190540B70013D5E1 /* AdSupport.framework */ = {isa = PBXFileReference; lastKnownFileType = wrapper.framework; name = AdSupport.framework; path = System/Library/Frameworks/AdSupport.framework; sourceTree = SDKROOT; };
		CEBAC7B8190540DC0013D5E1 /* CoreTelephony.framework */ = {isa = PBXFileReference; lastKnownFileType = wrapper.framework; name = CoreTelephony.framework; path = System/Library/Frameworks/CoreTelephony.framework; sourceTree = SDKROOT; };
		CEBAC7BA190540E50013D5E1 /* MessageUI.framework */ = {isa = PBXFileReference; lastKnownFileType = wrapper.framework; name = MessageUI.framework; path = System/Library/Frameworks/MessageUI.framework; sourceTree = SDKROOT; };
		CEBAC7BC190540EE0013D5E1 /* StoreKit.framework */ = {isa = PBXFileReference; lastKnownFileType = wrapper.framework; name = StoreKit.framework; path = System/Library/Frameworks/StoreKit.framework; sourceTree = SDKROOT; };
		CEBAC7BE190540FB0013D5E1 /* SystemConfiguration.framework */ = {isa = PBXFileReference; lastKnownFileType = wrapper.framework; name = SystemConfiguration.framework; path = System/Library/Frameworks/SystemConfiguration.framework; sourceTree = SDKROOT; };
		CEBAC7C51906267C0013D5E1 /* itemTouched.mp3 */ = {isa = PBXFileReference; lastKnownFileType = audio.mp3; name = itemTouched.mp3; path = sound/itemTouched.mp3; sourceTree = "<group>"; };
		CEBAC7C8190627080013D5E1 /* SoundDef.h */ = {isa = PBXFileReference; fileEncoding = 4; lastKnownFileType = sourcecode.c.h; name = SoundDef.h; path = Source/Def/SoundDef.h; sourceTree = "<group>"; };
		CEBAC7C91906BC100013D5E1 /* levelUp.mp3 */ = {isa = PBXFileReference; lastKnownFileType = audio.mp3; name = levelUp.mp3; path = sound/levelUp.mp3; sourceTree = "<group>"; };
		CEBAC7CC190768DF0013D5E1 /* RandomArray.h */ = {isa = PBXFileReference; fileEncoding = 4; lastKnownFileType = sourcecode.c.h; name = RandomArray.h; path = ../../../tools/RandomArray.h; sourceTree = "<group>"; };
		CEBAC7CF1907C6390013D5E1 /* explosion.wav */ = {isa = PBXFileReference; lastKnownFileType = audio.wav; name = explosion.wav; path = sound/explosion.wav; sourceTree = "<group>"; };
		CECC62E819012CA900C92348 /* PlayScene.h */ = {isa = PBXFileReference; fileEncoding = 4; lastKnownFileType = sourcecode.c.h; name = PlayScene.h; path = Source/scene/PlayScene.h; sourceTree = "<group>"; };
		CECC62E919012CA900C92348 /* PlayScene.m */ = {isa = PBXFileReference; fileEncoding = 4; lastKnownFileType = sourcecode.c.objc; name = PlayScene.m; path = Source/scene/PlayScene.m; sourceTree = "<group>"; };
		CECC62EB19012CED00C92348 /* StartPlayScene.h */ = {isa = PBXFileReference; fileEncoding = 4; lastKnownFileType = sourcecode.c.h; name = StartPlayScene.h; path = Source/scene/StartPlayScene.h; sourceTree = "<group>"; };
		CECC62EC19012CED00C92348 /* StartPlayScene.m */ = {isa = PBXFileReference; fileEncoding = 4; lastKnownFileType = sourcecode.c.objc; name = StartPlayScene.m; path = Source/scene/StartPlayScene.m; sourceTree = "<group>"; };
		CECC62F1190132B200C92348 /* BlockObj.h */ = {isa = PBXFileReference; fileEncoding = 4; lastKnownFileType = sourcecode.c.h; name = BlockObj.h; path = Source/obj/BlockObj.h; sourceTree = "<group>"; };
		CECC62F2190132B200C92348 /* BlockObj.m */ = {isa = PBXFileReference; fileEncoding = 4; lastKnownFileType = sourcecode.c.objc; name = BlockObj.m; path = Source/obj/BlockObj.m; sourceTree = "<group>"; };
		CECC62FB19053ACD00C92348 /* GameDataHandler.h */ = {isa = PBXFileReference; fileEncoding = 4; lastKnownFileType = sourcecode.c.h; path = GameDataHandler.h; sourceTree = "<group>"; };
		CECC62FC19053ACD00C92348 /* GameDataHandler.m */ = {isa = PBXFileReference; fileEncoding = 4; lastKnownFileType = sourcecode.c.objc; path = GameDataHandler.m; sourceTree = "<group>"; };
		CECC62FD19053ACD00C92348 /* GameKitHelper.h */ = {isa = PBXFileReference; fileEncoding = 4; lastKnownFileType = sourcecode.c.h; path = GameKitHelper.h; sourceTree = "<group>"; };
		CECC62FE19053ACD00C92348 /* GameKitHelper.m */ = {isa = PBXFileReference; fileEncoding = 4; lastKnownFileType = sourcecode.c.objc; path = GameKitHelper.m; sourceTree = "<group>"; };
		CEE63159190DFD7300FB7C3A /* 1.mp3 */ = {isa = PBXFileReference; lastKnownFileType = audio.mp3; name = 1.mp3; path = sound/piano/1.mp3; sourceTree = "<group>"; };
		CEE6315A190DFD7300FB7C3A /* 2.mp3 */ = {isa = PBXFileReference; lastKnownFileType = audio.mp3; name = 2.mp3; path = sound/piano/2.mp3; sourceTree = "<group>"; };
		CEE6315B190DFD7300FB7C3A /* 3.mp3 */ = {isa = PBXFileReference; lastKnownFileType = audio.mp3; name = 3.mp3; path = sound/piano/3.mp3; sourceTree = "<group>"; };
		CEE6315C190DFD7300FB7C3A /* 4.mp3 */ = {isa = PBXFileReference; lastKnownFileType = audio.mp3; name = 4.mp3; path = sound/piano/4.mp3; sourceTree = "<group>"; };
		CEE6315D190DFD7300FB7C3A /* 5.mp3 */ = {isa = PBXFileReference; lastKnownFileType = audio.mp3; name = 5.mp3; path = sound/piano/5.mp3; sourceTree = "<group>"; };
		CEE6315E190DFD7300FB7C3A /* 6.mp3 */ = {isa = PBXFileReference; lastKnownFileType = audio.mp3; name = 6.mp3; path = sound/piano/6.mp3; sourceTree = "<group>"; };
		CEE6315F190DFD7300FB7C3A /* 7.mp3 */ = {isa = PBXFileReference; lastKnownFileType = audio.mp3; name = 7.mp3; path = sound/piano/7.mp3; sourceTree = "<group>"; };
		CEE63160190DFD7300FB7C3A /* 8.mp3 */ = {isa = PBXFileReference; lastKnownFileType = audio.mp3; name = 8.mp3; path = sound/piano/8.mp3; sourceTree = "<group>"; };
		CEE6316E190E538900FB7C3A /* FinishScene.h */ = {isa = PBXFileReference; fileEncoding = 4; lastKnownFileType = sourcecode.c.h; name = FinishScene.h; path = Source/scene/FinishScene.h; sourceTree = "<group>"; };
		CEE6316F190E538900FB7C3A /* FinishScene.m */ = {isa = PBXFileReference; fileEncoding = 4; lastKnownFileType = sourcecode.c.objc; name = FinishScene.m; path = Source/scene/FinishScene.m; sourceTree = "<group>"; };
		CEE63205190FC13200FB7C3A /* libicucore.dylib */ = {isa = PBXFileReference; lastKnownFileType = "compiled.mach-o.dylib"; name = libicucore.dylib; path = usr/lib/libicucore.dylib; sourceTree = SDKROOT; };
		CEE63207190FC14400FB7C3A /* libz.1.2.5.dylib */ = {isa = PBXFileReference; lastKnownFileType = "compiled.mach-o.dylib"; name = libz.1.2.5.dylib; path = usr/lib/libz.1.2.5.dylib; sourceTree = SDKROOT; };
		CEE63209190FC15100FB7C3A /* Security.framework */ = {isa = PBXFileReference; lastKnownFileType = wrapper.framework; name = Security.framework; path = System/Library/Frameworks/Security.framework; sourceTree = SDKROOT; };
		CEE6320B1910A65E00FB7C3A /* beep.m4a */ = {isa = PBXFileReference; lastKnownFileType = file; name = beep.m4a; path = sound/beep.m4a; sourceTree = "<group>"; };
		CEE632101910C17400FB7C3A /* ReadyGoScene.h */ = {isa = PBXFileReference; fileEncoding = 4; lastKnownFileType = sourcecode.c.h; name = ReadyGoScene.h; path = Source/scene/ReadyGoScene.h; sourceTree = "<group>"; };
		CEE632111910C17400FB7C3A /* ReadyGoScene.m */ = {isa = PBXFileReference; fileEncoding = 4; lastKnownFileType = sourcecode.c.objc; name = ReadyGoScene.m; path = Source/scene/ReadyGoScene.m; sourceTree = "<group>"; };
		CEE63217191119B500FB7C3A /* Images.xcassets */ = {isa = PBXFileReference; lastKnownFileType = folder.assetcatalog; name = Images.xcassets; path = "Tap Right Tile to Win/Images.xcassets"; sourceTree = SOURCE_ROOT; };
		CEF4DC00190CAA56000ECF96 /* uiPostionDef.h */ = {isa = PBXFileReference; fileEncoding = 4; lastKnownFileType = sourcecode.c.h; name = uiPostionDef.h; path = Source/Def/uiPostionDef.h; sourceTree = "<group>"; };
/* End PBXFileReference section */

/* Begin PBXFrameworksBuildPhase section */
		B77F1B2B17B978D7009739AE /* Frameworks */ = {
			isa = PBXFrameworksBuildPhase;
			buildActionMask = 2147483647;
			files = (
				CEE6320A190FC15100FB7C3A /* Security.framework in Frameworks */,
				CEE63208190FC14400FB7C3A /* libz.1.2.5.dylib in Frameworks */,
				CEE63206190FC13200FB7C3A /* libicucore.dylib in Frameworks */,
				CEBAC7BF190540FB0013D5E1 /* SystemConfiguration.framework in Frameworks */,
				CEBAC7BD190540EE0013D5E1 /* StoreKit.framework in Frameworks */,
				CEBAC7BB190540E50013D5E1 /* MessageUI.framework in Frameworks */,
				CEBAC7B9190540DC0013D5E1 /* CoreTelephony.framework in Frameworks */,
				B77F1B4017B978D7009739AE /* CoreGraphics.framework in Frameworks */,
				B77F1B3A17B978D7009739AE /* AVFoundation.framework in Frameworks */,
				B77F1B3817B978D7009739AE /* AudioToolbox.framework in Frameworks */,
				CEBAC7B7190540B70013D5E1 /* AdSupport.framework in Frameworks */,
				CEBAC7A619053C8C0013D5E1 /* GameKit.framework in Frameworks */,
				B737898A1807642B0076A88C /* libcocos2d.a in Frameworks */,
				B77F1B3217B978D7009739AE /* QuartzCore.framework in Frameworks */,
				B77F1B3417B978D7009739AE /* OpenGLES.framework in Frameworks */,
				B77F1B3617B978D7009739AE /* OpenAL.framework in Frameworks */,
				CEBAC7B4190540640013D5E1 /* libGoogleAdMobAds.a in Frameworks */,
				B77F1B3C17B978D7009739AE /* UIKit.framework in Frameworks */,
				B77F1B3E17B978D7009739AE /* Foundation.framework in Frameworks */,
				B77F1B4217B978D7009739AE /* CoreText.framework in Frameworks */,
			);
			runOnlyForDeploymentPostprocessing = 0;
		};
/* End PBXFrameworksBuildPhase section */

/* Begin PBXGroup section */
		9222E2B918734FF800A246C7 /* libs */ = {
			isa = PBXGroup;
			children = (
				B7378940180761A80076A88C /* cocos2d-ios.xcodeproj */,
			);
			name = libs;
			sourceTree = "<group>";
		};
		B737893C1807616C0076A88C /* Source */ = {
			isa = PBXGroup;
			children = (
				CEBAC7CB1907686E0013D5E1 /* tools */,
				CEBAC7C7190626D00013D5E1 /* Def */,
				CEBAC7A8190540640013D5E1 /* admob */,
				CECC62FA19053ACD00C92348 /* DataHandler */,
				CECC62F01901329700C92348 /* obj */,
				CECC62E719012C7C00C92348 /* scene */,
				B737893D1807617C0076A88C /* AppDelegate.h */,
				B737893E1807617C0076A88C /* AppDelegate.m */,
				B7378992180767190076A88C /* MainScene.h */,
				B7378993180767190076A88C /* MainScene.m */,
			);
			name = Source;
			sourceTree = "<group>";
		};
		B7378941180761A80076A88C /* Products */ = {
			isa = PBXGroup;
			children = (
				B737894B180761A90076A88C /* libcocos2d.a */,
			);
			name = Products;
			sourceTree = "<group>";
		};
		B73789911807667A0076A88C /* Icons */ = {
			isa = PBXGroup;
			children = (
				B737896B180762440076A88C /* Default-568h@2x.png */,
				B737896D180762440076A88C /* Default.png */,
				B737896E180762440076A88C /* Default@2x.png */,
			);
			name = Icons;
			sourceTree = "<group>";
		};
		B77F1B2517B978D7009739AE = {
			isa = PBXGroup;
			children = (
				B737893C1807616C0076A88C /* Source */,
				B77F1B4617B978D7009739AE /* Resources */,
				9222E2B918734FF800A246C7 /* libs */,
				B77F1CCF17B978D8009739AE /* Supporting Files */,
				B77F1B3017B978D7009739AE /* Frameworks */,
				B77F1B2F17B978D7009739AE /* Products */,
			);
			sourceTree = "<group>";
		};
		B77F1B2F17B978D7009739AE /* Products */ = {
			isa = PBXGroup;
			children = (
				B77F1B2E17B978D7009739AE /* Tap Right Tile to Win.app */,
			);
			name = Products;
			sourceTree = "<group>";
		};
		B77F1B3017B978D7009739AE /* Frameworks */ = {
			isa = PBXGroup;
			children = (
				CEE63209190FC15100FB7C3A /* Security.framework */,
				CEE63207190FC14400FB7C3A /* libz.1.2.5.dylib */,
				CEE63205190FC13200FB7C3A /* libicucore.dylib */,
				CEBAC7BE190540FB0013D5E1 /* SystemConfiguration.framework */,
				CEBAC7BC190540EE0013D5E1 /* StoreKit.framework */,
				CEBAC7BA190540E50013D5E1 /* MessageUI.framework */,
				CEBAC7B8190540DC0013D5E1 /* CoreTelephony.framework */,
				CEBAC7B6190540B70013D5E1 /* AdSupport.framework */,
				CEBAC7A519053C8C0013D5E1 /* GameKit.framework */,
				B7B3713D180358F1007369CC /* libObjectiveChipmunk.a */,
				B77F1B3117B978D7009739AE /* QuartzCore.framework */,
				B77F1B3317B978D7009739AE /* OpenGLES.framework */,
				B77F1B3517B978D7009739AE /* OpenAL.framework */,
				B77F1B3717B978D7009739AE /* AudioToolbox.framework */,
				B77F1B3917B978D7009739AE /* AVFoundation.framework */,
				B77F1B3B17B978D7009739AE /* UIKit.framework */,
				B77F1B3D17B978D7009739AE /* Foundation.framework */,
				B77F1B3F17B978D7009739AE /* CoreGraphics.framework */,
				B77F1B4117B978D7009739AE /* CoreText.framework */,
			);
			name = Frameworks;
			sourceTree = "<group>";
		};
		B77F1B4617B978D7009739AE /* Resources */ = {
			isa = PBXGroup;
			children = (
				CEBA7EA51917B7110056ED75 /* musicList.plist */,
				CEE63217191119B500FB7C3A /* Images.xcassets */,
				CEBAC7C4190626550013D5E1 /* sound */,
				B73789911807667A0076A88C /* Icons */,
				B737893A180761570076A88C /* Published-iOS */,
			);
			name = Resources;
			path = Source/Resources;
			sourceTree = "<group>";
		};
		B77F1CCF17B978D8009739AE /* Supporting Files */ = {
			isa = PBXGroup;
			children = (
				B73789851807631A0076A88C /* main.m */,
				B73789861807631A0076A88C /* Prefix.pch */,
			);
			name = "Supporting Files";
			sourceTree = "<group>";
		};
		CEBAC7A8190540640013D5E1 /* admob */ = {
			isa = PBXGroup;
			children = (
				CEBAC7A9190540640013D5E1 /* GADAdMobExtras.h */,
				CEBAC7AA190540640013D5E1 /* GADAdNetworkExtras.h */,
				CEBAC7AB190540640013D5E1 /* GADAdSize.h */,
				CEBAC7AC190540640013D5E1 /* GADBannerView.h */,
				CEBAC7AD190540640013D5E1 /* GADBannerViewDelegate.h */,
				CEBAC7AE190540640013D5E1 /* GADInterstitial.h */,
				CEBAC7AF190540640013D5E1 /* GADInterstitialDelegate.h */,
				CEBAC7B0190540640013D5E1 /* GADRequest.h */,
				CEBAC7B1190540640013D5E1 /* GADRequestError.h */,
				CEBAC7B2190540640013D5E1 /* libGoogleAdMobAds.a */,
				CEBAC7B3190540640013D5E1 /* README.txt */,
			);
			name = admob;
			path = Source/admob;
			sourceTree = "<group>";
		};
		CEBAC7C4190626550013D5E1 /* sound */ = {
			isa = PBXGroup;
			children = (
				CEB70BCD193F63F1001FF689 /* pass.mp3 */,
				CEE63157190DFD5F00FB7C3A /* piano */,
				CEE6320B1910A65E00FB7C3A /* beep.m4a */,
				CE8FC5DA191D1A4700EA5173 /* error.mp3 */,
				CEBAC7CF1907C6390013D5E1 /* explosion.wav */,
				CEBAC7C91906BC100013D5E1 /* levelUp.mp3 */,
				CEBAC7C51906267C0013D5E1 /* itemTouched.mp3 */,
			);
			name = sound;
			sourceTree = "<group>";
		};
		CEBAC7C7190626D00013D5E1 /* Def */ = {
			isa = PBXGroup;
			children = (
				CEF4DC00190CAA56000ECF96 /* uiPostionDef.h */,
				CEBAC7C8190627080013D5E1 /* SoundDef.h */,
			);
			name = Def;
			sourceTree = "<group>";
		};
		CEBAC7CB1907686E0013D5E1 /* tools */ = {
			isa = PBXGroup;
			children = (
				CEBA7EA81917B9CD0056ED75 /* CreateArrayFromList.h */,
				CEBAC7CC190768DF0013D5E1 /* RandomArray.h */,
			);
			name = tools;
			sourceTree = "<group>";
		};
		CECC62E719012C7C00C92348 /* scene */ = {
			isa = PBXGroup;
			children = (
				CEE632101910C17400FB7C3A /* ReadyGoScene.h */,
				CEE632111910C17400FB7C3A /* ReadyGoScene.m */,
				CEE6316E190E538900FB7C3A /* FinishScene.h */,
				CEE6316F190E538900FB7C3A /* FinishScene.m */,
				CECC62E819012CA900C92348 /* PlayScene.h */,
				CECC62E919012CA900C92348 /* PlayScene.m */,
				CECC62EB19012CED00C92348 /* StartPlayScene.h */,
				CECC62EC19012CED00C92348 /* StartPlayScene.m */,
			);
			name = scene;
			sourceTree = "<group>";
		};
		CECC62F01901329700C92348 /* obj */ = {
			isa = PBXGroup;
			children = (
				CECC62F1190132B200C92348 /* BlockObj.h */,
				CECC62F2190132B200C92348 /* BlockObj.m */,
			);
			name = obj;
			sourceTree = "<group>";
		};
		CECC62FA19053ACD00C92348 /* DataHandler */ = {
			isa = PBXGroup;
			children = (
				CECC62FB19053ACD00C92348 /* GameDataHandler.h */,
				CECC62FC19053ACD00C92348 /* GameDataHandler.m */,
				CECC62FD19053ACD00C92348 /* GameKitHelper.h */,
				CECC62FE19053ACD00C92348 /* GameKitHelper.m */,
			);
			name = DataHandler;
			path = Source/DataHandler;
			sourceTree = "<group>";
		};
		CEE63157190DFD5F00FB7C3A /* piano */ = {
			isa = PBXGroup;
			children = (
				CEE63159190DFD7300FB7C3A /* 1.mp3 */,
				CEE6315A190DFD7300FB7C3A /* 2.mp3 */,
				CEE6315B190DFD7300FB7C3A /* 3.mp3 */,
				CEE6315C190DFD7300FB7C3A /* 4.mp3 */,
				CEE6315D190DFD7300FB7C3A /* 5.mp3 */,
				CEE6315E190DFD7300FB7C3A /* 6.mp3 */,
				CEE6315F190DFD7300FB7C3A /* 7.mp3 */,
				CEE63160190DFD7300FB7C3A /* 8.mp3 */,
			);
			name = piano;
			sourceTree = "<group>";
		};
/* End PBXGroup section */

/* Begin PBXNativeTarget section */
		B77F1B2D17B978D7009739AE /* Tap Right Tile to Win */ = {
			isa = PBXNativeTarget;
			buildConfigurationList = B77F1CDE17B978D8009739AE /* Build configuration list for PBXNativeTarget "Tap Right Tile to Win" */;
			buildPhases = (
				B77F1B2A17B978D7009739AE /* Sources */,
				B77F1B2B17B978D7009739AE /* Frameworks */,
				B77F1B2C17B978D7009739AE /* Resources */,
			);
			buildRules = (
			);
			dependencies = (
				B7378989180764180076A88C /* PBXTargetDependency */,
			);
			name = "Tap Right Tile to Win";
			productName = Example;
			productReference = B77F1B2E17B978D7009739AE /* Tap Right Tile to Win.app */;
			productType = "com.apple.product-type.application";
		};
/* End PBXNativeTarget section */

/* Begin PBXProject section */
		B77F1B2617B978D7009739AE /* Project object */ = {
			isa = PBXProject;
			attributes = {
				LastUpgradeCheck = 0510;
				ORGANIZATIONNAME = Apportable;
				TargetAttributes = {
					B77F1B2D17B978D7009739AE = {
						DevelopmentTeam = JBWATZTRU3;
						SystemCapabilities = {
							com.apple.GameCenter = {
								enabled = 1;
							};
						};
					};
				};
			};
			buildConfigurationList = B77F1B2917B978D7009739AE /* Build configuration list for PBXProject "Tap Right Tile to Win" */;
			compatibilityVersion = "Xcode 3.2";
			developmentRegion = English;
			hasScannedForEncodings = 0;
			knownRegions = (
				en,
				"zh-Hans",
			);
			mainGroup = B77F1B2517B978D7009739AE;
			productRefGroup = B77F1B2F17B978D7009739AE /* Products */;
			projectDirPath = "";
			projectReferences = (
				{
					ProductGroup = B7378941180761A80076A88C /* Products */;
					ProjectRef = B7378940180761A80076A88C /* cocos2d-ios.xcodeproj */;
				},
			);
			projectRoot = "";
			targets = (
				B77F1B2D17B978D7009739AE /* Tap Right Tile to Win */,
			);
		};
/* End PBXProject section */

/* Begin PBXReferenceProxy section */
		B737894B180761A90076A88C /* libcocos2d.a */ = {
			isa = PBXReferenceProxy;
			fileType = archive.ar;
			path = libcocos2d.a;
			remoteRef = B737894A180761A90076A88C /* PBXContainerItemProxy */;
			sourceTree = BUILT_PRODUCTS_DIR;
		};
/* End PBXReferenceProxy section */

/* Begin PBXResourcesBuildPhase section */
		B77F1B2C17B978D7009739AE /* Resources */ = {
			isa = PBXResourcesBuildPhase;
			buildActionMask = 2147483647;
			files = (
				CEE63167190DFD7300FB7C3A /* 7.mp3 in Resources */,
				CEE63218191119B500FB7C3A /* Images.xcassets in Resources */,
				CEB70BCE193F63F1001FF689 /* pass.mp3 in Resources */,
				B7378978180762440076A88C /* Default@2x.png in Resources */,
				CEBA7EA61917B7110056ED75 /* musicList.plist in Resources */,
				CEBAC7CA1906BC100013D5E1 /* levelUp.mp3 in Resources */,
				CEE63165190DFD7300FB7C3A /* 5.mp3 in Resources */,
				CEE63166190DFD7300FB7C3A /* 6.mp3 in Resources */,
				CEBAC7B5190540640013D5E1 /* README.txt in Resources */,
				CEE6320C1910A65E00FB7C3A /* beep.m4a in Resources */,
				CEE63161190DFD7300FB7C3A /* 1.mp3 in Resources */,
				B737893B180761570076A88C /* Published-iOS in Resources */,
				CEE63163190DFD7300FB7C3A /* 3.mp3 in Resources */,
				CEE63162190DFD7300FB7C3A /* 2.mp3 in Resources */,
				CEBAC7D01907C6390013D5E1 /* explosion.wav in Resources */,
				CEE63164190DFD7300FB7C3A /* 4.mp3 in Resources */,
				B7378975180762440076A88C /* Default-568h@2x.png in Resources */,
				CEE63168190DFD7300FB7C3A /* 8.mp3 in Resources */,
				CEBAC7C61906267C0013D5E1 /* itemTouched.mp3 in Resources */,
				B7378977180762440076A88C /* Default.png in Resources */,
				CE8FC5DB191D1A4700EA5173 /* error.mp3 in Resources */,
			);
			runOnlyForDeploymentPostprocessing = 0;
		};
/* End PBXResourcesBuildPhase section */

/* Begin PBXSourcesBuildPhase section */
		B77F1B2A17B978D7009739AE /* Sources */ = {
			isa = PBXSourcesBuildPhase;
			buildActionMask = 2147483647;
			files = (
				CEE632121910C17400FB7C3A /* ReadyGoScene.m in Sources */,
				CECC62FF19053ACD00C92348 /* GameDataHandler.m in Sources */,
				B737893F1807617C0076A88C /* AppDelegate.m in Sources */,
				B7378994180767190076A88C /* MainScene.m in Sources */,
				CECC62EA19012CA900C92348 /* PlayScene.m in Sources */,
				CECC630019053ACD00C92348 /* GameKitHelper.m in Sources */,
				B73789871807631A0076A88C /* main.m in Sources */,
				CECC62ED19012CED00C92348 /* StartPlayScene.m in Sources */,
				CEE63170190E538900FB7C3A /* FinishScene.m in Sources */,
				CECC62F3190132B200C92348 /* BlockObj.m in Sources */,
			);
			runOnlyForDeploymentPostprocessing = 0;
		};
/* End PBXSourcesBuildPhase section */

/* Begin PBXTargetDependency section */
		B7378989180764180076A88C /* PBXTargetDependency */ = {
			isa = PBXTargetDependency;
			name = cocos2d;
			targetProxy = B7378988180764180076A88C /* PBXContainerItemProxy */;
		};
/* End PBXTargetDependency section */

/* Begin XCBuildConfiguration section */
		B77F1CDC17B978D8009739AE /* Debug */ = {
			isa = XCBuildConfiguration;
			buildSettings = {
				CLANG_WARN_BOOL_CONVERSION = YES;
				CLANG_WARN_CONSTANT_CONVERSION = YES;
				CLANG_WARN_EMPTY_BODY = YES;
				CLANG_WARN_ENUM_CONVERSION = YES;
				CLANG_WARN_INT_CONVERSION = YES;
				CLANG_WARN__DUPLICATE_METHOD_MATCH = YES;
				"CODE_SIGN_IDENTITY[sdk=iphoneos*]" = "iPhone Developer";
				GCC_C_LANGUAGE_STANDARD = gnu99;
				GCC_OPTIMIZATION_LEVEL = 0;
				GCC_PREPROCESSOR_DEFINITIONS = (
					DEBUG,
					"COCOS2D_DEBUG=1",
				);
				GCC_SYMBOLS_PRIVATE_EXTERN = NO;
				GCC_VERSION = com.apple.compilers.llvm.clang.1_0;
				GCC_WARN_64_TO_32_BIT_CONVERSION = YES;
				GCC_WARN_ABOUT_RETURN_TYPE = YES;
				GCC_WARN_UNDECLARED_SELECTOR = YES;
				GCC_WARN_UNINITIALIZED_AUTOS = YES;
				GCC_WARN_UNUSED_FUNCTION = YES;
				GCC_WARN_UNUSED_VARIABLE = YES;
				IPHONEOS_DEPLOYMENT_TARGET = 4.0;
				ONLY_ACTIVE_ARCH = YES;
				SDKROOT = iphoneos;
				TARGETED_DEVICE_FAMILY = "1,2";
			};
			name = Debug;
		};
		B77F1CDD17B978D8009739AE /* Release */ = {
			isa = XCBuildConfiguration;
			buildSettings = {
				CLANG_WARN_BOOL_CONVERSION = YES;
				CLANG_WARN_CONSTANT_CONVERSION = YES;
				CLANG_WARN_EMPTY_BODY = YES;
				CLANG_WARN_ENUM_CONVERSION = YES;
				CLANG_WARN_INT_CONVERSION = YES;
				CLANG_WARN__DUPLICATE_METHOD_MATCH = YES;
				"CODE_SIGN_IDENTITY[sdk=iphoneos*]" = "iPhone Developer";
				GCC_C_LANGUAGE_STANDARD = gnu99;
				GCC_PREPROCESSOR_DEFINITIONS = (
					NDEBUG,
					"NS_BLOCK_ASSERTIONS=1",
				);
				GCC_VERSION = com.apple.compilers.llvm.clang.1_0;
				GCC_WARN_64_TO_32_BIT_CONVERSION = YES;
				GCC_WARN_ABOUT_RETURN_TYPE = YES;
				GCC_WARN_UNDECLARED_SELECTOR = YES;
				GCC_WARN_UNINITIALIZED_AUTOS = YES;
				GCC_WARN_UNUSED_FUNCTION = YES;
				GCC_WARN_UNUSED_VARIABLE = YES;
				IPHONEOS_DEPLOYMENT_TARGET = 4.0;
				SDKROOT = iphoneos;
				TARGETED_DEVICE_FAMILY = "1,2";
			};
			name = Release;
		};
		B77F1CDF17B978D8009739AE /* Debug */ = {
			isa = XCBuildConfiguration;
			buildSettings = {
				ALWAYS_SEARCH_USER_PATHS = NO;
				ASSETCATALOG_COMPILER_APPICON_NAME = AppIcon;
				ASSETCATALOG_COMPILER_LAUNCHIMAGE_NAME = LaunchImage;
				CLANG_ENABLE_OBJC_ARC = YES;
				CODE_SIGN_IDENTITY = "iPhone Developer";
				"CODE_SIGN_IDENTITY[sdk=iphoneos*]" = "iPhone Developer";
				COPY_PHASE_STRIP = NO;
				FRAMEWORK_SEARCH_PATHS = (
					"$(inherited)",
					"$(PROJECT_DIR)/Source/ShareSDK/Connection",
					"$(PROJECT_DIR)/Source/ShareSDK/Core",
					"$(PROJECT_DIR)/Source/ShareSDK/Extend/GooglePlusSDK",
					"$(PROJECT_DIR)/Source/ShareSDK/Extend/Pinterest.embeddedframework",
					"$(PROJECT_DIR)/Source/ShareSDK/Extend/QQConnectSDK",
					"$(PROJECT_DIR)/Source/ShareSDK/Extend/RenRenSDK",
					"$(PROJECT_DIR)/Source/ShareSDK",
					"$(PROJECT_DIR)/Source/ShareSDK/UI",
				);
				GCC_DYNAMIC_NO_PIC = NO;
				GCC_PRECOMPILE_PREFIX_HEADER = YES;
				GCC_PREFIX_HEADER = Source/Prefix.pch;
				HEADER_SEARCH_PATHS = (
					"\"Source/libs/cocos2d-iphone/external/kazmath/include\"/**",
					"\"Source/libs/cocos2d-iphone/cocos2d\"/**",
					"Source/libs/cocos2d-iphone/external/Chipmunk/objectivec/include",
					"Source/libs/cocos2d-iphone/external/Chipmunk/include",
					"\"Source/libs/cocos2d-iphone/cocos2d-ui\"/**",
					"\"Source/libs/cocos2d-iphone/external/ObjectAL\"/**",
				);
				INFOPLIST_FILE = Source/Resources/Info.plist;
				IPHONEOS_DEPLOYMENT_TARGET = 7.0;
				LIBRARY_SEARCH_PATHS = (
					"$(inherited)",
					"$(PROJECT_DIR)/Source/admob",
					"$(PROJECT_DIR)/Source/ShareSDK/Extend/SinaWeiboSDK",
					"$(PROJECT_DIR)/Source/ShareSDK/Extend/TencentWeiboSDK",
					"$(PROJECT_DIR)/Source/ShareSDK/Extend/WeChatSDK",
					"$(PROJECT_DIR)/Source/ShareSDK/Extend/YiXinSDK",
				);
				ONLY_ACTIVE_ARCH = YES;
				OTHER_LDFLAGS = (
					"-lz",
					"-lsqlite3",
					"-ObjC",
				);
				PRODUCT_NAME = "Tap Right Tile to Win";
				PROVISIONING_PROFILE = "58DAFB6F-3288-4BD6-BFFD-3C8E33650800";
				TARGETED_DEVICE_FAMILY = "1,2";
				WRAPPER_EXTENSION = app;
			};
			name = Debug;
		};
		B77F1CE017B978D8009739AE /* Release */ = {
			isa = XCBuildConfiguration;
			buildSettings = {
				ALWAYS_SEARCH_USER_PATHS = NO;
				ASSETCATALOG_COMPILER_APPICON_NAME = AppIcon;
				ASSETCATALOG_COMPILER_LAUNCHIMAGE_NAME = LaunchImage;
				CLANG_ENABLE_OBJC_ARC = YES;
				CODE_SIGN_IDENTITY = "iPhone Developer";
				"CODE_SIGN_IDENTITY[sdk=iphoneos*]" = "iPhone Distribution: ZHENYU CHEN (JBWATZTRU3)";
				COPY_PHASE_STRIP = YES;
				FRAMEWORK_SEARCH_PATHS = (
					"$(inherited)",
					"$(PROJECT_DIR)/Source/ShareSDK/Connection",
					"$(PROJECT_DIR)/Source/ShareSDK/Core",
					"$(PROJECT_DIR)/Source/ShareSDK/Extend/GooglePlusSDK",
					"$(PROJECT_DIR)/Source/ShareSDK/Extend/Pinterest.embeddedframework",
					"$(PROJECT_DIR)/Source/ShareSDK/Extend/QQConnectSDK",
					"$(PROJECT_DIR)/Source/ShareSDK/Extend/RenRenSDK",
					"$(PROJECT_DIR)/Source/ShareSDK",
					"$(PROJECT_DIR)/Source/ShareSDK/UI",
				);
				GCC_PRECOMPILE_PREFIX_HEADER = YES;
				GCC_PREFIX_HEADER = Source/Prefix.pch;
				HEADER_SEARCH_PATHS = (
					"\"Source/libs/cocos2d-iphone/external/kazmath/include\"/**",
					"\"Source/libs/cocos2d-iphone/cocos2d\"/**",
					"Source/libs/cocos2d-iphone/external/Chipmunk/objectivec/include",
					"Source/libs/cocos2d-iphone/external/Chipmunk/include",
					"\"Source/libs/cocos2d-iphone/cocos2d-ui\"/**",
					"\"Source/libs/cocos2d-iphone/external/ObjectAL\"/**",
				);
				INFOPLIST_FILE = Source/Resources/Info.plist;
				IPHONEOS_DEPLOYMENT_TARGET = 7.0;
				LIBRARY_SEARCH_PATHS = (
					"$(inherited)",
					"$(PROJECT_DIR)/Source/admob",
					"$(PROJECT_DIR)/Source/ShareSDK/Extend/SinaWeiboSDK",
					"$(PROJECT_DIR)/Source/ShareSDK/Extend/TencentWeiboSDK",
					"$(PROJECT_DIR)/Source/ShareSDK/Extend/WeChatSDK",
					"$(PROJECT_DIR)/Source/ShareSDK/Extend/YiXinSDK",
				);
				OTHER_LDFLAGS = (
					"-lz",
					"-lsqlite3",
					"-ObjC",
				);
				PRODUCT_NAME = "Tap Right Tile to Win";
				PROVISIONING_PROFILE = "58DAFB6F-3288-4BD6-BFFD-3C8E33650800";
				TARGETED_DEVICE_FAMILY = "1,2";
				VALIDATE_PRODUCT = YES;
				WRAPPER_EXTENSION = app;
			};
			name = Release;
		};
/* End XCBuildConfiguration section */

/* Begin XCConfigurationList section */
		B77F1B2917B978D7009739AE /* Build configuration list for PBXProject "Tap Right Tile to Win" */ = {
			isa = XCConfigurationList;
			buildConfigurations = (
				B77F1CDC17B978D8009739AE /* Debug */,
				B77F1CDD17B978D8009739AE /* Release */,
			);
			defaultConfigurationIsVisible = 0;
			defaultConfigurationName = Release;
		};
		B77F1CDE17B978D8009739AE /* Build configuration list for PBXNativeTarget "Tap Right Tile to Win" */ = {
			isa = XCConfigurationList;
			buildConfigurations = (
				B77F1CDF17B978D8009739AE /* Debug */,
				B77F1CE017B978D8009739AE /* Release */,
			);
			defaultConfigurationIsVisible = 0;
			defaultConfigurationName = Release;
		};
/* End XCConfigurationList section */
	};
	rootObject = B77F1B2617B978D7009739AE /* Project object */;
}
